
Microsoft Visual Studio Solution File, Format Version 12.00
# Visual Studio Version 17
VisualStudioVersion = 17.0.31903.59
MinimumVisualStudioVersion = 10.0.40219.1
Project("{2150E333-8FDC-42A3-9474-1A3956D46DE8}") = "src", "src", "{827E0CD3-B72D-47B6-A68D-7590B98EB39B}"
EndProject
Project("{FAE04EC0-301F-11D3-BF4B-00C04F79EFBC}") = "Web", "src\Web\Web.csproj", "{8836C665-D7B3-4241-9E2C-DB119CFE8A53}"
EndProject
Project("{FAE04EC0-301F-11D3-BF4B-00C04F79EFBC}") = "Sales.Domain", "src\Sales.Domain\Sales.Domain.csproj", "{950E6280-0FFF-4BEA-854A-5572C1EC8288}"
EndProject
Project("{FAE04EC0-301F-11D3-BF4B-00C04F79EFBC}") = "Sales.Application", "src\Sales.Application\Sales.Application.csproj", "{A43AED2F-E32F-49F5-98A9-F1F4F0B10994}"
EndProject
Project("{FAE04EC0-301F-11D3-BF4B-00C04F79EFBC}") = "Sales.Infrastructure", "src\Sales.Infrastructure\Sales.Infrastructure.csproj", "{44C73D1F-9E45-4286-8D06-7CC3D59495C3}"
EndProject
Project("{FAE04EC0-301F-11D3-BF4B-00C04F79EFBC}") = "Admin.Business", "src\Admin.Business\Admin.Business.csproj", "{E6A0ABB8-82BA-4394-91EE-F493B52ED6AF}"
EndProject
Project("{FAE04EC0-301F-11D3-BF4B-00C04F79EFBC}") = "Admin.Data", "src\Admin.Data\Admin.Data.csproj", "{28737F71-EA52-41F1-8C33-E54A3750E5B8}"
EndProject
Global
	GlobalSection(SolutionConfigurationPlatforms) = preSolution
		Debug|Any CPU = Debug|Any CPU
		Debug|x64 = Debug|x64
		Debug|x86 = Debug|x86
		Release|Any CPU = Release|Any CPU
		Release|x64 = Release|x64
		Release|x86 = Release|x86
	EndGlobalSection
	GlobalSection(ProjectConfigurationPlatforms) = postSolution
		{8836C665-D7B3-4241-9E2C-DB119CFE8A53}.Debug|Any CPU.ActiveCfg = Debug|Any CPU
		{8836C665-D7B3-4241-9E2C-DB119CFE8A53}.Debug|Any CPU.Build.0 = Debug|Any CPU
		{8836C665-D7B3-4241-9E2C-DB119CFE8A53}.Debug|x64.ActiveCfg = Debug|Any CPU
		{8836C665-D7B3-4241-9E2C-DB119CFE8A53}.Debug|x64.Build.0 = Debug|Any CPU
		{8836C665-D7B3-4241-9E2C-DB119CFE8A53}.Debug|x86.ActiveCfg = Debug|Any CPU
		{8836C665-D7B3-4241-9E2C-DB119CFE8A53}.Debug|x86.Build.0 = Debug|Any CPU
		{8836C665-D7B3-4241-9E2C-DB119CFE8A53}.Release|Any CPU.ActiveCfg = Release|Any CPU
		{8836C665-D7B3-4241-9E2C-DB119CFE8A53}.Release|Any CPU.Build.0 = Release|Any CPU
		{8836C665-D7B3-4241-9E2C-DB119CFE8A53}.Release|x64.ActiveCfg = Release|Any CPU
		{8836C665-D7B3-4241-9E2C-DB119CFE8A53}.Release|x64.Build.0 = Release|Any CPU
		{8836C665-D7B3-4241-9E2C-DB119CFE8A53}.Release|x86.ActiveCfg = Release|Any CPU
		{8836C665-D7B3-4241-9E2C-DB119CFE8A53}.Release|x86.Build.0 = Release|Any CPU
		{950E6280-0FFF-4BEA-854A-5572C1EC8288}.Debug|Any CPU.ActiveCfg = Debug|Any CPU
		{950E6280-0FFF-4BEA-854A-5572C1EC8288}.Debug|Any CPU.Build.0 = Debug|Any CPU
		{950E6280-0FFF-4BEA-854A-5572C1EC8288}.Debug|x64.ActiveCfg = Debug|Any CPU
		{950E6280-0FFF-4BEA-854A-5572C1EC8288}.Debug|x64.Build.0 = Debug|Any CPU
		{950E6280-0FFF-4BEA-854A-5572C1EC8288}.Debug|x86.ActiveCfg = Debug|Any CPU
		{950E6280-0FFF-4BEA-854A-5572C1EC8288}.Debug|x86.Build.0 = Debug|Any CPU
		{950E6280-0FFF-4BEA-854A-5572C1EC8288}.Release|Any CPU.ActiveCfg = Release|Any CPU
		{950E6280-0FFF-4BEA-854A-5572C1EC8288}.Release|Any CPU.Build.0 = Release|Any CPU
		{950E6280-0FFF-4BEA-854A-5572C1EC8288}.Release|x64.ActiveCfg = Release|Any CPU
		{950E6280-0FFF-4BEA-854A-5572C1EC8288}.Release|x64.Build.0 = Release|Any CPU
		{950E6280-0FFF-4BEA-854A-5572C1EC8288}.Release|x86.ActiveCfg = Release|Any CPU
		{950E6280-0FFF-4BEA-854A-5572C1EC8288}.Release|x86.Build.0 = Release|Any CPU
		{A43AED2F-E32F-49F5-98A9-F1F4F0B10994}.Debug|Any CPU.ActiveCfg = Debug|Any CPU
		{A43AED2F-E32F-49F5-98A9-F1F4F0B10994}.Debug|Any CPU.Build.0 = Debug|Any CPU
		{A43AED2F-E32F-49F5-98A9-F1F4F0B10994}.Debug|x64.ActiveCfg = Debug|Any CPU
		{A43AED2F-E32F-49F5-98A9-F1F4F0B10994}.Debug|x64.Build.0 = Debug|Any CPU
		{A43AED2F-E32F-49F5-98A9-F1F4F0B10994}.Debug|x86.ActiveCfg = Debug|Any CPU
		{A43AED2F-E32F-49F5-98A9-F1F4F0B10994}.Debug|x86.Build.0 = Debug|Any CPU
		{A43AED2F-E32F-49F5-98A9-F1F4F0B10994}.Release|Any CPU.ActiveCfg = Release|Any CPU
		{A43AED2F-E32F-49F5-98A9-F1F4F0B10994}.Release|Any CPU.Build.0 = Release|Any CPU
		{A43AED2F-E32F-49F5-98A9-F1F4F0B10994}.Release|x64.ActiveCfg = Release|Any CPU
		{A43AED2F-E32F-49F5-98A9-F1F4F0B10994}.Release|x64.Build.0 = Release|Any CPU
		{A43AED2F-E32F-49F5-98A9-F1F4F0B10994}.Release|x86.ActiveCfg = Release|Any CPU
		{A43AED2F-E32F-49F5-98A9-F1F4F0B10994}.Release|x86.Build.0 = Release|Any CPU
		{44C73D1F-9E45-4286-8D06-7CC3D59495C3}.Debug|Any CPU.ActiveCfg = Debug|Any CPU
		{44C73D1F-9E45-4286-8D06-7CC3D59495C3}.Debug|Any CPU.Build.0 = Debug|Any CPU
		{44C73D1F-9E45-4286-8D06-7CC3D59495C3}.Debug|x64.ActiveCfg = Debug|Any CPU
		{44C73D1F-9E45-4286-8D06-7CC3D59495C3}.Debug|x64.Build.0 = Debug|Any CPU
		{44C73D1F-9E45-4286-8D06-7CC3D59495C3}.Debug|x86.ActiveCfg = Debug|Any CPU
		{44C73D1F-9E45-4286-8D06-7CC3D59495C3}.Debug|x86.Build.0 = Debug|Any CPU
		{44C73D1F-9E45-4286-8D06-7CC3D59495C3}.Release|Any CPU.ActiveCfg = Release|Any CPU
		{44C73D1F-9E45-4286-8D06-7CC3D59495C3}.Release|Any CPU.Build.0 = Release|Any CPU
		{44C73D1F-9E45-4286-8D06-7CC3D59495C3}.Release|x64.ActiveCfg = Release|Any CPU
		{44C73D1F-9E45-4286-8D06-7CC3D59495C3}.Release|x64.Build.0 = Release|Any CPU
		{44C73D1F-9E45-4286-8D06-7CC3D59495C3}.Release|x86.ActiveCfg = Release|Any CPU
		{44C73D1F-9E45-4286-8D06-7CC3D59495C3}.Release|x86.Build.0 = Release|Any CPU
		{E6A0ABB8-82BA-4394-91EE-F493B52ED6AF}.Debug|Any CPU.ActiveCfg = Debug|Any CPU
		{E6A0ABB8-82BA-4394-91EE-F493B52ED6AF}.Debug|Any CPU.Build.0 = Debug|Any CPU
		{E6A0ABB8-82BA-4394-91EE-F493B52ED6AF}.Debug|x64.ActiveCfg = Debug|Any CPU
		{E6A0ABB8-82BA-4394-91EE-F493B52ED6AF}.Debug|x64.Build.0 = Debug|Any CPU
		{E6A0ABB8-82BA-4394-91EE-F493B52ED6AF}.Debug|x86.ActiveCfg = Debug|Any CPU
		{E6A0ABB8-82BA-4394-91EE-F493B52ED6AF}.Debug|x86.Build.0 = Debug|Any CPU
		{E6A0ABB8-82BA-4394-91EE-F493B52ED6AF}.Release|Any CPU.ActiveCfg = Release|Any CPU
		{E6A0ABB8-82BA-4394-91EE-F493B52ED6AF}.Release|Any CPU.Build.0 = Release|Any CPU
		{E6A0ABB8-82BA-4394-91EE-F493B52ED6AF}.Release|x64.ActiveCfg = Release|Any CPU
		{E6A0ABB8-82BA-4394-91EE-F493B52ED6AF}.Release|x64.Build.0 = Release|Any CPU
		{E6A0ABB8-82BA-4394-91EE-F493B52ED6AF}.Release|x86.ActiveCfg = Release|Any CPU
		{E6A0ABB8-82BA-4394-91EE-F493B52ED6AF}.Release|x86.Build.0 = Release|Any CPU
		{28737F71-EA52-41F1-8C33-E54A3750E5B8}.Debug|Any CPU.ActiveCfg = Debug|Any CPU
		{28737F71-EA52-41F1-8C33-E54A3750E5B8}.Debug|Any CPU.Build.0 = Debug|Any CPU
		{28737F71-EA52-41F1-8C33-E54A3750E5B8}.Debug|x64.ActiveCfg = Debug|Any CPU
		{28737F71-EA52-41F1-8C33-E54A3750E5B8}.Debug|x64.Build.0 = Debug|Any CPU
		{28737F71-EA52-41F1-8C33-E54A3750E5B8}.Debug|x86.ActiveCfg = Debug|Any CPU
		{28737F71-EA52-41F1-8C33-E54A3750E5B8}.Debug|x86.Build.0 = Debug|Any CPU
		{28737F71-EA52-41F1-8C33-E54A3750E5B8}.Release|Any CPU.ActiveCfg = Release|Any CPU
		{28737F71-EA52-41F1-8C33-E54A3750E5B8}.Release|Any CPU.Build.0 = Release|Any CPU
		{28737F71-EA52-41F1-8C33-E54A3750E5B8}.Release|x64.ActiveCfg = Release|Any CPU
		{28737F71-EA52-41F1-8C33-E54A3750E5B8}.Release|x64.Build.0 = Release|Any CPU
		{28737F71-EA52-41F1-8C33-E54A3750E5B8}.Release|x86.ActiveCfg = Release|Any CPU
		{28737F71-EA52-41F1-8C33-E54A3750E5B8}.Release|x86.Build.0 = Release|Any CPU
	EndGlobalSection
	GlobalSection(SolutionProperties) = preSolution
		HideSolutionNode = FALSE
	EndGlobalSection
	GlobalSection(NestedProjects) = preSolution
		{8836C665-D7B3-4241-9E2C-DB119CFE8A53} = {827E0CD3-B72D-47B6-A68D-7590B98EB39B}
		{950E6280-0FFF-4BEA-854A-5572C1EC8288} = {827E0CD3-B72D-47B6-A68D-7590B98EB39B}
		{A43AED2F-E32F-49F5-98A9-F1F4F0B10994} = {827E0CD3-B72D-47B6-A68D-7590B98EB39B}
		{44C73D1F-9E45-4286-8D06-7CC3D59495C3} = {827E0CD3-B72D-47B6-A68D-7590B98EB39B}
		{E6A0ABB8-82BA-4394-91EE-F493B52ED6AF} = {827E0CD3-B72D-47B6-A68D-7590B98EB39B}
		{28737F71-EA52-41F1-8C33-E54A3750E5B8} = {827E0CD3-B72D-47B6-A68D-7590B98EB39B}
	EndGlobalSection
	GlobalSection(ExtensibilityGlobals) = postSolution
		SolutionGuid = {67B458A1-CBBE-497C-8794-1C01651D8F16}
	EndGlobalSection
EndGlobal
